
Microsoft Visual Studio Solution File, Format Version 12.00
# Visual Studio 15
VisualStudioVersion = 15.0.27703.1
MinimumVisualStudioVersion = 10.0.40219.1
Project("{FAE04EC0-301F-11D3-BF4B-00C04F79EFBC}") = "WCF_Pipe", "WCF_Pipe\WCF_Pipe.csproj", "{AE43C069-2887-4F52-84A7-6C7793EBAF73}"
EndProject
Project("{FAE04EC0-301F-11D3-BF4B-00C04F79EFBC}") = "WpfApp1", "WpfApp1\WpfApp1.csproj", "{ADD7AC75-E50A-4CD1-966A-55EF78C363E4}"
EndProject
Project("{FAE04EC0-301F-11D3-BF4B-00C04F79EFBC}") = "WpfApp2", "WpfApp2\WpfApp2.csproj", "{D6C356A0-7FED-46FC-BEF3-727BCCF9C462}"
EndProject
Global
	GlobalSection(SolutionConfigurationPlatforms) = preSolution
		Debug|Any CPU = Debug|Any CPU
		Release|Any CPU = Release|Any CPU
	EndGlobalSection
	GlobalSection(ProjectConfigurationPlatforms) = postSolution
		{AE43C069-2887-4F52-84A7-6C7793EBAF73}.Debug|Any CPU.ActiveCfg = Debug|Any CPU
		{AE43C069-2887-4F52-84A7-6C7793EBAF73}.Debug|Any CPU.Build.0 = Debug|Any CPU
		{AE43C069-2887-4F52-84A7-6C7793EBAF73}.Release|Any CPU.ActiveCfg = Release|Any CPU
		{AE43C069-2887-4F52-84A7-6C7793EBAF73}.Release|Any CPU.Build.0 = Release|Any CPU
		{ADD7AC75-E50A-4CD1-966A-55EF78C363E4}.Debug|Any CPU.ActiveCfg = Debug|Any CPU
		{ADD7AC75-E50A-4CD1-966A-55EF78C363E4}.Debug|Any CPU.Build.0 = Debug|Any CPU
		{ADD7AC75-E50A-4CD1-966A-55EF78C363E4}.Release|Any CPU.ActiveCfg = Release|Any CPU
		{ADD7AC75-E50A-4CD1-966A-55EF78C363E4}.Release|Any CPU.Build.0 = Release|Any CPU
		{D6C356A0-7FED-46FC-BEF3-727BCCF9C462}.Debug|Any CPU.ActiveCfg = Debug|Any CPU
		{D6C356A0-7FED-46FC-BEF3-727BCCF9C462}.Debug|Any CPU.Build.0 = Debug|Any CPU
		{D6C356A0-7FED-46FC-BEF3-727BCCF9C462}.Release|Any CPU.ActiveCfg = Release|Any CPU
		{D6C356A0-7FED-46FC-BEF3-727BCCF9C462}.Release|Any CPU.Build.0 = Release|Any CPU
	EndGlobalSection
	GlobalSection(SolutionProperties) = preSolution
		HideSolutionNode = FALSE
	EndGlobalSection
	GlobalSection(ExtensibilityGlobals) = postSolution
		SolutionGuid = {557E2560-D6BA-4E05-9A8A-4B77676DE81E}
	EndGlobalSection
EndGlobal
